// !$*UTF8*$!
{
	archiveVersion = 1;
	classes = {
	};
	objectVersion = 51;
	objects = {

/* Begin PBXBuildFile section */
		227DED00228AB0DC0038D2FF /* AppDelegate.swift in Sources */ = {isa = PBXBuildFile; fileRef = 227DECFF228AB0DC0038D2FF /* AppDelegate.swift */; };
		227DED07228AB0DE0038D2FF /* Assets.xcassets in Resources */ = {isa = PBXBuildFile; fileRef = 227DED06228AB0DE0038D2FF /* Assets.xcassets */; };
		227DED0A228AB0DE0038D2FF /* LaunchScreen.storyboard in Resources */ = {isa = PBXBuildFile; fileRef = 227DED08228AB0DE0038D2FF /* LaunchScreen.storyboard */; };
		227DED1E228AB4AE0038D2FF /* PlayerView.swift in Sources */ = {isa = PBXBuildFile; fileRef = 227DED1D228AB4AE0038D2FF /* PlayerView.swift */; };
		227DED20228AB4F20038D2FF /* UIViewExtension.swift in Sources */ = {isa = PBXBuildFile; fileRef = 227DED1F228AB4F10038D2FF /* UIViewExtension.swift */; };
		227DED23228AB5170038D2FF /* Main.storyboard in Resources */ = {isa = PBXBuildFile; fileRef = 227DED22228AB5170038D2FF /* Main.storyboard */; };
		227DED25228AB5330038D2FF /* MainNavigationController.swift in Sources */ = {isa = PBXBuildFile; fileRef = 227DED24228AB5330038D2FF /* MainNavigationController.swift */; };
		227DED27228AB5620038D2FF /* TabBarView.swift in Sources */ = {isa = PBXBuildFile; fileRef = 227DED26228AB5620038D2FF /* TabBarView.swift */; };
		227DED29228AB5A20038D2FF /* MainViewController.swift in Sources */ = {isa = PBXBuildFile; fileRef = 227DED28228AB5A20038D2FF /* MainViewController.swift */; };
		227DED2C228AB6C90038D2FF /* Pages.storyboard in Resources */ = {isa = PBXBuildFile; fileRef = 227DED2B228AB6C90038D2FF /* Pages.storyboard */; };
		227DED2E228AB6D90038D2FF /* HomeViewController.swift in Sources */ = {isa = PBXBuildFile; fileRef = 227DED2D228AB6D90038D2FF /* HomeViewController.swift */; };
		227DED30228AB6F00038D2FF /* TrendingViewController.swift in Sources */ = {isa = PBXBuildFile; fileRef = 227DED2F228AB6F00038D2FF /* TrendingViewController.swift */; };
		227DED32228AB70C0038D2FF /* SubscriptionsViewController.swift in Sources */ = {isa = PBXBuildFile; fileRef = 227DED31228AB70C0038D2FF /* SubscriptionsViewController.swift */; };
		227DED34228AB71F0038D2FF /* ProfileViewController.swift in Sources */ = {isa = PBXBuildFile; fileRef = 227DED33228AB71F0038D2FF /* ProfileViewController.swift */; };
		227DED38228AB79E0038D2FF /* ObjectUser.swift in Sources */ = {isa = PBXBuildFile; fileRef = 227DED37228AB79E0038D2FF /* ObjectUser.swift */; };
		227DED3A228AB7BE0038D2FF /* ObjectVideo.swift in Sources */ = {isa = PBXBuildFile; fileRef = 227DED39228AB7BE0038D2FF /* ObjectVideo.swift */; };
		227DED3D228AB80F0038D2FF /* Actions.storyboard in Resources */ = {isa = PBXBuildFile; fileRef = 227DED3C228AB80F0038D2FF /* Actions.storyboard */; };
		227DED3F228AB8210038D2FF /* SearchViewController.swift in Sources */ = {isa = PBXBuildFile; fileRef = 227DED3E228AB8210038D2FF /* SearchViewController.swift */; };
		227DED41228AB8370038D2FF /* SettingsViewController.swift in Sources */ = {isa = PBXBuildFile; fileRef = 227DED40228AB8370038D2FF /* SettingsViewController.swift */; };
		227DED43228AB88A0038D2FF /* OptionalExtension.swift in Sources */ = {isa = PBXBuildFile; fileRef = 227DED42228AB8890038D2FF /* OptionalExtension.swift */; };
		227DED45228AB8A90038D2FF /* NSObjectExtension.swift in Sources */ = {isa = PBXBuildFile; fileRef = 227DED44228AB8A90038D2FF /* NSObjectExtension.swift */; };
		227DED47228AB8C50038D2FF /* UIStoryboardExtension.swift in Sources */ = {isa = PBXBuildFile; fileRef = 227DED46228AB8C50038D2FF /* UIStoryboardExtension.swift */; };
		227DED49228AB8EF0038D2FF /* ThemeService.swift in Sources */ = {isa = PBXBuildFile; fileRef = 227DED48228AB8EF0038D2FF /* ThemeService.swift */; };
		227DED4B228AB9050038D2FF /* DateService.swift in Sources */ = {isa = PBXBuildFile; fileRef = 227DED4A228AB9050038D2FF /* DateService.swift */; };
/* End PBXBuildFile section */

/* Begin PBXFileReference section */
		227DECFC228AB0DC0038D2FF /* YouTube.app */ = {isa = PBXFileReference; explicitFileType = wrapper.application; includeInIndex = 0; path = YouTube.app; sourceTree = BUILT_PRODUCTS_DIR; };
		227DECFF228AB0DC0038D2FF /* AppDelegate.swift */ = {isa = PBXFileReference; lastKnownFileType = sourcecode.swift; path = AppDelegate.swift; sourceTree = "<group>"; };
		227DED06228AB0DE0038D2FF /* Assets.xcassets */ = {isa = PBXFileReference; lastKnownFileType = folder.assetcatalog; path = Assets.xcassets; sourceTree = "<group>"; };
		227DED09228AB0DE0038D2FF /* Base */ = {isa = PBXFileReference; lastKnownFileType = file.storyboard; name = Base; path = Base.lproj/LaunchScreen.storyboard; sourceTree = "<group>"; };
		227DED0B228AB0DE0038D2FF /* Info.plist */ = {isa = PBXFileReference; lastKnownFileType = text.plist.xml; path = Info.plist; sourceTree = "<group>"; };
		227DED1D228AB4AE0038D2FF /* PlayerView.swift */ = {isa = PBXFileReference; lastKnownFileType = sourcecode.swift; path = PlayerView.swift; sourceTree = "<group>"; };
		227DED1F228AB4F10038D2FF /* UIViewExtension.swift */ = {isa = PBXFileReference; fileEncoding = 4; lastKnownFileType = sourcecode.swift; path = UIViewExtension.swift; sourceTree = "<group>"; };
		227DED22228AB5170038D2FF /* Main.storyboard */ = {isa = PBXFileReference; lastKnownFileType = file.storyboard; path = Main.storyboard; sourceTree = "<group>"; };
		227DED24228AB5330038D2FF /* MainNavigationController.swift */ = {isa = PBXFileReference; lastKnownFileType = sourcecode.swift; path = MainNavigationController.swift; sourceTree = "<group>"; };
		227DED26228AB5620038D2FF /* TabBarView.swift */ = {isa = PBXFileReference; lastKnownFileType = sourcecode.swift; path = TabBarView.swift; sourceTree = "<group>"; };
		227DED28228AB5A20038D2FF /* MainViewController.swift */ = {isa = PBXFileReference; lastKnownFileType = sourcecode.swift; path = MainViewController.swift; sourceTree = "<group>"; };
		227DED2B228AB6C90038D2FF /* Pages.storyboard */ = {isa = PBXFileReference; lastKnownFileType = file.storyboard; path = Pages.storyboard; sourceTree = "<group>"; };
		227DED2D228AB6D90038D2FF /* HomeViewController.swift */ = {isa = PBXFileReference; lastKnownFileType = sourcecode.swift; path = HomeViewController.swift; sourceTree = "<group>"; };
		227DED2F228AB6F00038D2FF /* TrendingViewController.swift */ = {isa = PBXFileReference; lastKnownFileType = sourcecode.swift; path = TrendingViewController.swift; sourceTree = "<group>"; };
		227DED31228AB70C0038D2FF /* SubscriptionsViewController.swift */ = {isa = PBXFileReference; lastKnownFileType = sourcecode.swift; path = SubscriptionsViewController.swift; sourceTree = "<group>"; };
		227DED33228AB71F0038D2FF /* ProfileViewController.swift */ = {isa = PBXFileReference; lastKnownFileType = sourcecode.swift; path = ProfileViewController.swift; sourceTree = "<group>"; };
		227DED37228AB79E0038D2FF /* ObjectUser.swift */ = {isa = PBXFileReference; lastKnownFileType = sourcecode.swift; path = ObjectUser.swift; sourceTree = "<group>"; };
		227DED39228AB7BE0038D2FF /* ObjectVideo.swift */ = {isa = PBXFileReference; lastKnownFileType = sourcecode.swift; path = ObjectVideo.swift; sourceTree = "<group>"; };
		227DED3C228AB80F0038D2FF /* Actions.storyboard */ = {isa = PBXFileReference; lastKnownFileType = file.storyboard; path = Actions.storyboard; sourceTree = "<group>"; };
		227DED3E228AB8210038D2FF /* SearchViewController.swift */ = {isa = PBXFileReference; lastKnownFileType = sourcecode.swift; path = SearchViewController.swift; sourceTree = "<group>"; };
		227DED40228AB8370038D2FF /* SettingsViewController.swift */ = {isa = PBXFileReference; lastKnownFileType = sourcecode.swift; path = SettingsViewController.swift; sourceTree = "<group>"; };
		227DED42228AB8890038D2FF /* OptionalExtension.swift */ = {isa = PBXFileReference; fileEncoding = 4; lastKnownFileType = sourcecode.swift; path = OptionalExtension.swift; sourceTree = "<group>"; };
		227DED44228AB8A90038D2FF /* NSObjectExtension.swift */ = {isa = PBXFileReference; fileEncoding = 4; lastKnownFileType = sourcecode.swift; path = NSObjectExtension.swift; sourceTree = "<group>"; };
		227DED46228AB8C50038D2FF /* UIStoryboardExtension.swift */ = {isa = PBXFileReference; fileEncoding = 4; lastKnownFileType = sourcecode.swift; path = UIStoryboardExtension.swift; sourceTree = "<group>"; };
		227DED48228AB8EF0038D2FF /* ThemeService.swift */ = {isa = PBXFileReference; fileEncoding = 4; lastKnownFileType = sourcecode.swift; path = ThemeService.swift; sourceTree = "<group>"; };
		227DED4A228AB9050038D2FF /* DateService.swift */ = {isa = PBXFileReference; fileEncoding = 4; lastKnownFileType = sourcecode.swift; path = DateService.swift; sourceTree = "<group>"; };
/* End PBXFileReference section */

/* Begin PBXFrameworksBuildPhase section */
		227DECF9228AB0DC0038D2FF /* Frameworks */ = {
			isa = PBXFrameworksBuildPhase;
			buildActionMask = 2147483647;
			files = (
			);
			runOnlyForDeploymentPostprocessing = 0;
		};
/* End PBXFrameworksBuildPhase section */

/* Begin PBXGroup section */
		227DECF3228AB0DC0038D2FF = {
			isa = PBXGroup;
			children = (
				227DECFE228AB0DC0038D2FF /* YouTube */,
				227DECFD228AB0DC0038D2FF /* Products */,
			);
			sourceTree = "<group>";
		};
		227DECFD228AB0DC0038D2FF /* Products */ = {
			isa = PBXGroup;
			children = (
				227DECFC228AB0DC0038D2FF /* YouTube.app */,
			);
			name = Products;
			sourceTree = "<group>";
		};
		227DECFE228AB0DC0038D2FF /* YouTube */ = {
			isa = PBXGroup;
			children = (
				227DED11228AB1380038D2FF /* Presenter */,
				227DED1C228AB2650038D2FF /* Data Managers */,
				227DED1B228AB2600038D2FF /* Services */,
				227DED1A228AB2580038D2FF /* Models */,
				227DED13228AB14F0038D2FF /* Application */,
			);
			path = YouTube;
			sourceTree = "<group>";
		};
		227DED11228AB1380038D2FF /* Presenter */ = {
			isa = PBXGroup;
			children = (
				227DED21228AB5100038D2FF /* Main */,
				227DED2A228AB6C00038D2FF /* Pages */,
				227DED3B228AB7F50038D2FF /* Actions */,
				227DED12228AB1480038D2FF /* UIObjects */,
			);
			path = Presenter;
			sourceTree = "<group>";
		};
		227DED12228AB1480038D2FF /* UIObjects */ = {
			isa = PBXGroup;
			children = (
				227DED35228AB7330038D2FF /* Cells */,
				227DED36228AB73E0038D2FF /* Views */,
			);
			path = UIObjects;
			sourceTree = "<group>";
		};
		227DED13228AB14F0038D2FF /* Application */ = {
			isa = PBXGroup;
			children = (
				227DECFF228AB0DC0038D2FF /* AppDelegate.swift */,
				227DED14228AB1F00038D2FF /* Typealiases */,
				227DED16228AB1FD0038D2FF /* Protocols */,
				227DED17228AB20A0038D2FF /* Protocol Extensions */,
				227DED18228AB2120038D2FF /* Extensions */,
				227DED15228AB1F70038D2FF /* Enums */,
				227DED19228AB2190038D2FF /* Resources */,
			);
			path = Application;
			sourceTree = "<group>";
		};
		227DED14228AB1F00038D2FF /* Typealiases */ = {
			isa = PBXGroup;
			children = (
			);
			path = Typealiases;
			sourceTree = "<group>";
		};
		227DED15228AB1F70038D2FF /* Enums */ = {
			isa = PBXGroup;
			children = (
			);
			path = Enums;
			sourceTree = "<group>";
		};
		227DED16228AB1FD0038D2FF /* Protocols */ = {
			isa = PBXGroup;
			children = (
			);
			path = Protocols;
			sourceTree = "<group>";
		};
		227DED17228AB20A0038D2FF /* Protocol Extensions */ = {
			isa = PBXGroup;
			children = (
			);
			path = "Protocol Extensions";
			sourceTree = "<group>";
		};
		227DED18228AB2120038D2FF /* Extensions */ = {
			isa = PBXGroup;
			children = (
				227DED42228AB8890038D2FF /* OptionalExtension.swift */,
				227DED44228AB8A90038D2FF /* NSObjectExtension.swift */,
				227DED46228AB8C50038D2FF /* UIStoryboardExtension.swift */,
			);
			path = Extensions;
			sourceTree = "<group>";
		};
		227DED19228AB2190038D2FF /* Resources */ = {
			isa = PBXGroup;
			children = (
				227DED06228AB0DE0038D2FF /* Assets.xcassets */,
				227DED08228AB0DE0038D2FF /* LaunchScreen.storyboard */,
				227DED0B228AB0DE0038D2FF /* Info.plist */,
			);
			path = Resources;
			sourceTree = "<group>";
		};
		227DED1A228AB2580038D2FF /* Models */ = {
			isa = PBXGroup;
			children = (
				227DED37228AB79E0038D2FF /* ObjectUser.swift */,
				227DED39228AB7BE0038D2FF /* ObjectVideo.swift */,
			);
			path = Models;
			sourceTree = "<group>";
		};
		227DED1B228AB2600038D2FF /* Services */ = {
			isa = PBXGroup;
			children = (
				227DED48228AB8EF0038D2FF /* ThemeService.swift */,
				227DED4A228AB9050038D2FF /* DateService.swift */,
			);
			path = Services;
			sourceTree = "<group>";
		};
		227DED1C228AB2650038D2FF /* Data Managers */ = {
			isa = PBXGroup;
			children = (
			);
			path = "Data Managers";
			sourceTree = "<group>";
		};
		227DED21228AB5100038D2FF /* Main */ = {
			isa = PBXGroup;
			children = (
				227DED22228AB5170038D2FF /* Main.storyboard */,
				227DED24228AB5330038D2FF /* MainNavigationController.swift */,
				227DED28228AB5A20038D2FF /* MainViewController.swift */,
			);
			path = Main;
			sourceTree = "<group>";
		};
		227DED2A228AB6C00038D2FF /* Pages */ = {
			isa = PBXGroup;
			children = (
				227DED2B228AB6C90038D2FF /* Pages.storyboard */,
				227DED2D228AB6D90038D2FF /* HomeViewController.swift */,
				227DED2F228AB6F00038D2FF /* TrendingViewController.swift */,
				227DED31228AB70C0038D2FF /* SubscriptionsViewController.swift */,
				227DED33228AB71F0038D2FF /* ProfileViewController.swift */,
			);
			path = Pages;
			sourceTree = "<group>";
		};
		227DED35228AB7330038D2FF /* Cells */ = {
			isa = PBXGroup;
			children = (
			);
			path = Cells;
			sourceTree = "<group>";
		};
		227DED36228AB73E0038D2FF /* Views */ = {
			isa = PBXGroup;
			children = (
				227DED1F228AB4F10038D2FF /* UIViewExtension.swift */,
				227DED1D228AB4AE0038D2FF /* PlayerView.swift */,
				227DED26228AB5620038D2FF /* TabBarView.swift */,
			);
			path = Views;
			sourceTree = "<group>";
		};
		227DED3B228AB7F50038D2FF /* Actions */ = {
			isa = PBXGroup;
			children = (
				227DED3C228AB80F0038D2FF /* Actions.storyboard */,
				227DED3E228AB8210038D2FF /* SearchViewController.swift */,
				227DED40228AB8370038D2FF /* SettingsViewController.swift */,
			);
			path = Actions;
			sourceTree = "<group>";
		};
/* End PBXGroup section */

/* Begin PBXNativeTarget section */
		227DECFB228AB0DC0038D2FF /* YouTube */ = {
			isa = PBXNativeTarget;
			buildConfigurationList = 227DED0E228AB0DE0038D2FF /* Build configuration list for PBXNativeTarget "YouTube" */;
			buildPhases = (
				227DECF8228AB0DC0038D2FF /* Sources */,
				227DECF9228AB0DC0038D2FF /* Frameworks */,
				227DECFA228AB0DC0038D2FF /* Resources */,
			);
			buildRules = (
			);
			dependencies = (
			);
			name = YouTube;
			productName = YouTube;
			productReference = 227DECFC228AB0DC0038D2FF /* YouTube.app */;
			productType = "com.apple.product-type.application";
		};
/* End PBXNativeTarget section */

/* Begin PBXProject section */
		227DECF4228AB0DC0038D2FF /* Project object */ = {
			isa = PBXProject;
			attributes = {
				LastSwiftUpdateCheck = 1020;
				LastUpgradeCheck = 1020;
				ORGANIZATIONNAME = "Haik Aslanyan";
				TargetAttributes = {
					227DECFB228AB0DC0038D2FF = {
						CreatedOnToolsVersion = 10.2.1;
					};
				};
			};
			buildConfigurationList = 227DECF7228AB0DC0038D2FF /* Build configuration list for PBXProject "YouTube" */;
			compatibilityVersion = "Xcode 10.0";
			developmentRegion = en;
			hasScannedForEncodings = 0;
			knownRegions = (
				en,
				Base,
			);
			mainGroup = 227DECF3228AB0DC0038D2FF;
			productRefGroup = 227DECFD228AB0DC0038D2FF /* Products */;
			projectDirPath = "";
			projectRoot = "";
			targets = (
				227DECFB228AB0DC0038D2FF /* YouTube */,
			);
		};
/* End PBXProject section */

/* Begin PBXResourcesBuildPhase section */
		227DECFA228AB0DC0038D2FF /* Resources */ = {
			isa = PBXResourcesBuildPhase;
			buildActionMask = 2147483647;
			files = (
				227DED23228AB5170038D2FF /* Main.storyboard in Resources */,
				227DED3D228AB80F0038D2FF /* Actions.storyboard in Resources */,
				227DED0A228AB0DE0038D2FF /* LaunchScreen.storyboard in Resources */,
				227DED07228AB0DE0038D2FF /* Assets.xcassets in Resources */,
				227DED2C228AB6C90038D2FF /* Pages.storyboard in Resources */,
			);
			runOnlyForDeploymentPostprocessing = 0;
		};
/* End PBXResourcesBuildPhase section */

/* Begin PBXSourcesBuildPhase section */
		227DECF8228AB0DC0038D2FF /* Sources */ = {
			isa = PBXSourcesBuildPhase;
			buildActionMask = 2147483647;
			files = (
				227DED43228AB88A0038D2FF /* OptionalExtension.swift in Sources */,
				227DED20228AB4F20038D2FF /* UIViewExtension.swift in Sources */,
				227DED30228AB6F00038D2FF /* TrendingViewController.swift in Sources */,
				227DED3A228AB7BE0038D2FF /* ObjectVideo.swift in Sources */,
				227DED34228AB71F0038D2FF /* ProfileViewController.swift in Sources */,
				227DED00228AB0DC0038D2FF /* AppDelegate.swift in Sources */,
				227DED38228AB79E0038D2FF /* ObjectUser.swift in Sources */,
				227DED45228AB8A90038D2FF /* NSObjectExtension.swift in Sources */,
				227DED25228AB5330038D2FF /* MainNavigationController.swift in Sources */,
				227DED29228AB5A20038D2FF /* MainViewController.swift in Sources */,
				227DED3F228AB8210038D2FF /* SearchViewController.swift in Sources */,
				227DED4B228AB9050038D2FF /* DateService.swift in Sources */,
				227DED49228AB8EF0038D2FF /* ThemeService.swift in Sources */,
				227DED41228AB8370038D2FF /* SettingsViewController.swift in Sources */,
				227DED27228AB5620038D2FF /* TabBarView.swift in Sources */,
				227DED2E228AB6D90038D2FF /* HomeViewController.swift in Sources */,
				227DED47228AB8C50038D2FF /* UIStoryboardExtension.swift in Sources */,
				227DED1E228AB4AE0038D2FF /* PlayerView.swift in Sources */,
				227DED32228AB70C0038D2FF /* SubscriptionsViewController.swift in Sources */,
			);
			runOnlyForDeploymentPostprocessing = 0;
		};
/* End PBXSourcesBuildPhase section */

/* Begin PBXVariantGroup section */
		227DED08228AB0DE0038D2FF /* LaunchScreen.storyboard */ = {
			isa = PBXVariantGroup;
			children = (
				227DED09228AB0DE0038D2FF /* Base */,
			);
			name = LaunchScreen.storyboard;
			sourceTree = "<group>";
		};
/* End PBXVariantGroup section */

/* Begin XCBuildConfiguration section */
		227DED0C228AB0DE0038D2FF /* Debug */ = {
			isa = XCBuildConfiguration;
			buildSettings = {
				ALWAYS_SEARCH_USER_PATHS = NO;
				CLANG_ANALYZER_NONNULL = YES;
				CLANG_ANALYZER_NUMBER_OBJECT_CONVERSION = YES_AGGRESSIVE;
				CLANG_CXX_LANGUAGE_STANDARD = "gnu++14";
				CLANG_CXX_LIBRARY = "libc++";
				CLANG_ENABLE_MODULES = YES;
				CLANG_ENABLE_OBJC_ARC = YES;
				CLANG_ENABLE_OBJC_WEAK = YES;
				CLANG_WARN_BLOCK_CAPTURE_AUTORELEASING = YES;
				CLANG_WARN_BOOL_CONVERSION = YES;
				CLANG_WARN_COMMA = YES;
				CLANG_WARN_CONSTANT_CONVERSION = YES;
				CLANG_WARN_DEPRECATED_OBJC_IMPLEMENTATIONS = YES;
				CLANG_WARN_DIRECT_OBJC_ISA_USAGE = YES_ERROR;
				CLANG_WARN_DOCUMENTATION_COMMENTS = YES;
				CLANG_WARN_EMPTY_BODY = YES;
				CLANG_WARN_ENUM_CONVERSION = YES;
				CLANG_WARN_INFINITE_RECURSION = YES;
				CLANG_WARN_INT_CONVERSION = YES;
				CLANG_WARN_NON_LITERAL_NULL_CONVERSION = YES;
				CLANG_WARN_OBJC_IMPLICIT_RETAIN_SELF = YES;
				CLANG_WARN_OBJC_LITERAL_CONVERSION = YES;
				CLANG_WARN_OBJC_ROOT_CLASS = YES_ERROR;
				CLANG_WARN_RANGE_LOOP_ANALYSIS = YES;
				CLANG_WARN_STRICT_PROTOTYPES = YES;
				CLANG_WARN_SUSPICIOUS_MOVE = YES;
				CLANG_WARN_UNGUARDED_AVAILABILITY = YES_AGGRESSIVE;
				CLANG_WARN_UNREACHABLE_CODE = YES;
				CLANG_WARN__DUPLICATE_METHOD_MATCH = YES;
				CODE_SIGN_IDENTITY = "iPhone Developer";
				COPY_PHASE_STRIP = NO;
				DEBUG_INFORMATION_FORMAT = dwarf;
				ENABLE_STRICT_OBJC_MSGSEND = YES;
				ENABLE_TESTABILITY = YES;
				GCC_C_LANGUAGE_STANDARD = gnu11;
				GCC_DYNAMIC_NO_PIC = NO;
				GCC_NO_COMMON_BLOCKS = YES;
				GCC_OPTIMIZATION_LEVEL = 0;
				GCC_PREPROCESSOR_DEFINITIONS = (
					"DEBUG=1",
					"$(inherited)",
				);
				GCC_WARN_64_TO_32_BIT_CONVERSION = YES;
				GCC_WARN_ABOUT_RETURN_TYPE = YES_ERROR;
				GCC_WARN_UNDECLARED_SELECTOR = YES;
				GCC_WARN_UNINITIALIZED_AUTOS = YES_AGGRESSIVE;
				GCC_WARN_UNUSED_FUNCTION = YES;
				GCC_WARN_UNUSED_VARIABLE = YES;
				IPHONEOS_DEPLOYMENT_TARGET = 12.2;
				MTL_ENABLE_DEBUG_INFO = INCLUDE_SOURCE;
				MTL_FAST_MATH = YES;
				ONLY_ACTIVE_ARCH = YES;
				SDKROOT = iphoneos;
				SWIFT_ACTIVE_COMPILATION_CONDITIONS = DEBUG;
				SWIFT_OPTIMIZATION_LEVEL = "-Onone";
			};
			name = Debug;
		};
		227DED0D228AB0DE0038D2FF /* Release */ = {
			isa = XCBuildConfiguration;
			buildSettings = {
				ALWAYS_SEARCH_USER_PATHS = NO;
				CLANG_ANALYZER_NONNULL = YES;
				CLANG_ANALYZER_NUMBER_OBJECT_CONVERSION = YES_AGGRESSIVE;
				CLANG_CXX_LANGUAGE_STANDARD = "gnu++14";
				CLANG_CXX_LIBRARY = "libc++";
				CLANG_ENABLE_MODULES = YES;
				CLANG_ENABLE_OBJC_ARC = YES;
				CLANG_ENABLE_OBJC_WEAK = YES;
				CLANG_WARN_BLOCK_CAPTURE_AUTORELEASING = YES;
				CLANG_WARN_BOOL_CONVERSION = YES;
				CLANG_WARN_COMMA = YES;
				CLANG_WARN_CONSTANT_CONVERSION = YES;
				CLANG_WARN_DEPRECATED_OBJC_IMPLEMENTATIONS = YES;
				CLANG_WARN_DIRECT_OBJC_ISA_USAGE = YES_ERROR;
				CLANG_WARN_DOCUMENTATION_COMMENTS = YES;
				CLANG_WARN_EMPTY_BODY = YES;
				CLANG_WARN_ENUM_CONVERSION = YES;
				CLANG_WARN_INFINITE_RECURSION = YES;
				CLANG_WARN_INT_CONVERSION = YES;
				CLANG_WARN_NON_LITERAL_NULL_CONVERSION = YES;
				CLANG_WARN_OBJC_IMPLICIT_RETAIN_SELF = YES;
				CLANG_WARN_OBJC_LITERAL_CONVERSION = YES;
				CLANG_WARN_OBJC_ROOT_CLASS = YES_ERROR;
				CLANG_WARN_RANGE_LOOP_ANALYSIS = YES;
				CLANG_WARN_STRICT_PROTOTYPES = YES;
				CLANG_WARN_SUSPICIOUS_MOVE = YES;
				CLANG_WARN_UNGUARDED_AVAILABILITY = YES_AGGRESSIVE;
				CLANG_WARN_UNREACHABLE_CODE = YES;
				CLANG_WARN__DUPLICATE_METHOD_MATCH = YES;
				CODE_SIGN_IDENTITY = "iPhone Developer";
				COPY_PHASE_STRIP = NO;
				DEBUG_INFORMATION_FORMAT = "dwarf-with-dsym";
				ENABLE_NS_ASSERTIONS = NO;
				ENABLE_STRICT_OBJC_MSGSEND = YES;
				GCC_C_LANGUAGE_STANDARD = gnu11;
				GCC_NO_COMMON_BLOCKS = YES;
				GCC_WARN_64_TO_32_BIT_CONVERSION = YES;
				GCC_WARN_ABOUT_RETURN_TYPE = YES_ERROR;
				GCC_WARN_UNDECLARED_SELECTOR = YES;
				GCC_WARN_UNINITIALIZED_AUTOS = YES_AGGRESSIVE;
				GCC_WARN_UNUSED_FUNCTION = YES;
				GCC_WARN_UNUSED_VARIABLE = YES;
				IPHONEOS_DEPLOYMENT_TARGET = 12.2;
				MTL_ENABLE_DEBUG_INFO = NO;
				MTL_FAST_MATH = YES;
				SDKROOT = iphoneos;
				SWIFT_COMPILATION_MODE = wholemodule;
				SWIFT_OPTIMIZATION_LEVEL = "-O";
				VALIDATE_PRODUCT = YES;
			};
			name = Release;
		};
		227DED0F228AB0DE0038D2FF /* Debug */ = {
			isa = XCBuildConfiguration;
			buildSettings = {
				ASSETCATALOG_COMPILER_APPICON_NAME = AppIcon;
				CODE_SIGN_STYLE = Automatic;
				DEVELOPMENT_TEAM = FBY5G44S25;
				INFOPLIST_FILE = "$(SRCROOT)/YouTube/Application/Resources/Info.plist";
				LD_RUNPATH_SEARCH_PATHS = (
					"$(inherited)",
					"@executable_path/Frameworks",
				);
				PRODUCT_BUNDLE_IDENTIFIER = com.youtube;
				PRODUCT_NAME = "$(TARGET_NAME)";
				SWIFT_VERSION = 5.0;
				TARGETED_DEVICE_FAMILY = 1;
			};
			name = Debug;
		};
		227DED10228AB0DE0038D2FF /* Release */ = {
			isa = XCBuildConfiguration;
			buildSettings = {
				ASSETCATALOG_COMPILER_APPICON_NAME = AppIcon;
				CODE_SIGN_STYLE = Automatic;
				DEVELOPMENT_TEAM = FBY5G44S25;
				INFOPLIST_FILE = "$(SRCROOT)/YouTube/Application/Resources/Info.plist";
				LD_RUNPATH_SEARCH_PATHS = (
					"$(inherited)",
					"@executable_path/Frameworks",
				);
				PRODUCT_BUNDLE_IDENTIFIER = com.youtube;
				PRODUCT_NAME = "$(TARGET_NAME)";
				SWIFT_VERSION = 5.0;
				TARGETED_DEVICE_FAMILY = 1;
			};
			name = Release;
		};
/* End XCBuildConfiguration section */

/* Begin XCConfigurationList section */
		227DECF7228AB0DC0038D2FF /* Build configuration list for PBXProject "YouTube" */ = {
			isa = XCConfigurationList;
			buildConfigurations = (
				227DED0C228AB0DE0038D2FF /* Debug */,
				227DED0D228AB0DE0038D2FF /* Release */,
			);
			defaultConfigurationIsVisible = 0;
			defaultConfigurationName = Release;
		};
		227DED0E228AB0DE0038D2FF /* Build configuration list for PBXNativeTarget "YouTube" */ = {
			isa = XCConfigurationList;
			buildConfigurations = (
				227DED0F228AB0DE0038D2FF /* Debug */,
				227DED10228AB0DE0038D2FF /* Release */,
			);
			defaultConfigurationIsVisible = 0;
			defaultConfigurationName = Release;
		};
/* End XCConfigurationList section */
	};
	rootObject = 227DECF4228AB0DC0038D2FF /* Project object */;
}
