// !$*UTF8*$!
{
	archiveVersion = 1;
	classes = {
	};
	objectVersion = 46;
	objects = {

/* Begin PBXBuildFile section */
		2236EA0C1D1D5F4F0099411D /* extensions.swift in Sources */ = {isa = PBXBuildFile; fileRef = 2236EA0B1D1D5F4F0099411D /* extensions.swift */; };
		22464D531D22A8000041B3A0 /* Channel.swift in Sources */ = {isa = PBXBuildFile; fileRef = 22464D521D22A8000041B3A0 /* Channel.swift */; };
		22464D551D22AB300041B3A0 /* GlobalVariables.swift in Sources */ = {isa = PBXBuildFile; fileRef = 22464D541D22AB300041B3A0 /* GlobalVariables.swift */; };
		227E43A81D2D28050049A057 /* HomeVC.swift in Sources */ = {isa = PBXBuildFile; fileRef = 227E43A71D2D28050049A057 /* HomeVC.swift */; };
		227F46131D2A89C500536D8C /* Search.swift in Sources */ = {isa = PBXBuildFile; fileRef = 227F46121D2A89C500536D8C /* Search.swift */; };
		228DF9CF1D251FA70006FB26 /* SettingsTable.swift in Sources */ = {isa = PBXBuildFile; fileRef = 228DF9CE1D251FA70006FB26 /* SettingsTable.swift */; };
		22A3B7DF1D217E5D00CFB210 /* Video.swift in Sources */ = {isa = PBXBuildFile; fileRef = 22A3B7DE1D217E5D00CFB210 /* Video.swift */; };
		22AA44671D1302FC00CA6185 /* AppDelegate.swift in Sources */ = {isa = PBXBuildFile; fileRef = 22AA44661D1302FC00CA6185 /* AppDelegate.swift */; };
		22AA446C1D1302FC00CA6185 /* Main.storyboard in Resources */ = {isa = PBXBuildFile; fileRef = 22AA446A1D1302FC00CA6185 /* Main.storyboard */; };
		22AA446E1D1302FC00CA6185 /* Assets.xcassets in Resources */ = {isa = PBXBuildFile; fileRef = 22AA446D1D1302FC00CA6185 /* Assets.xcassets */; };
		22AA44711D1302FC00CA6185 /* LaunchScreen.storyboard in Resources */ = {isa = PBXBuildFile; fileRef = 22AA446F1D1302FC00CA6185 /* LaunchScreen.storyboard */; };
		22C509AF1D2D16B900839042 /* MainViewController.swift in Sources */ = {isa = PBXBuildFile; fileRef = 22C509AE1D2D16B900839042 /* MainViewController.swift */; };
		22D6D3B41D1FC55C0058B607 /* TabBar.swift in Sources */ = {isa = PBXBuildFile; fileRef = 22D6D3B31D1FC55C0058B607 /* TabBar.swift */; };
		22DC3C971D1BC89E0098AB57 /* CustomCollectionViewCell.swift in Sources */ = {isa = PBXBuildFile; fileRef = 22DC3C961D1BC89E0098AB57 /* CustomCollectionViewCell.swift */; };
/* End PBXBuildFile section */

/* Begin PBXFileReference section */
		2236EA0B1D1D5F4F0099411D /* extensions.swift */ = {isa = PBXFileReference; fileEncoding = 4; lastKnownFileType = sourcecode.swift; path = extensions.swift; sourceTree = "<group>"; };
		22464D521D22A8000041B3A0 /* Channel.swift */ = {isa = PBXFileReference; fileEncoding = 4; lastKnownFileType = sourcecode.swift; path = Channel.swift; sourceTree = "<group>"; };
		22464D541D22AB300041B3A0 /* GlobalVariables.swift */ = {isa = PBXFileReference; fileEncoding = 4; lastKnownFileType = sourcecode.swift; path = GlobalVariables.swift; sourceTree = "<group>"; };
		227E43A71D2D28050049A057 /* HomeVC.swift */ = {isa = PBXFileReference; fileEncoding = 4; lastKnownFileType = sourcecode.swift; path = HomeVC.swift; sourceTree = "<group>"; };
		227F46121D2A89C500536D8C /* Search.swift */ = {isa = PBXFileReference; fileEncoding = 4; lastKnownFileType = sourcecode.swift; path = Search.swift; sourceTree = "<group>"; };
		228DF9CE1D251FA70006FB26 /* SettingsTable.swift */ = {isa = PBXFileReference; fileEncoding = 4; lastKnownFileType = sourcecode.swift; name = SettingsTable.swift; path = ../SettingsTable.swift; sourceTree = "<group>"; };
		22A3B7DE1D217E5D00CFB210 /* Video.swift */ = {isa = PBXFileReference; fileEncoding = 4; lastKnownFileType = sourcecode.swift; path = Video.swift; sourceTree = "<group>"; };
		22AA44631D1302FB00CA6185 /* YouTube.app */ = {isa = PBXFileReference; explicitFileType = wrapper.application; includeInIndex = 0; path = YouTube.app; sourceTree = BUILT_PRODUCTS_DIR; };
		22AA44661D1302FC00CA6185 /* AppDelegate.swift */ = {isa = PBXFileReference; lastKnownFileType = sourcecode.swift; path = AppDelegate.swift; sourceTree = "<group>"; };
		22AA446B1D1302FC00CA6185 /* Base */ = {isa = PBXFileReference; lastKnownFileType = file.storyboard; name = Base; path = Base.lproj/Main.storyboard; sourceTree = "<group>"; };
		22AA446D1D1302FC00CA6185 /* Assets.xcassets */ = {isa = PBXFileReference; lastKnownFileType = folder.assetcatalog; path = Assets.xcassets; sourceTree = "<group>"; };
		22AA44701D1302FC00CA6185 /* Base */ = {isa = PBXFileReference; lastKnownFileType = file.storyboard; name = Base; path = Base.lproj/LaunchScreen.storyboard; sourceTree = "<group>"; };
		22AA44721D1302FC00CA6185 /* Info.plist */ = {isa = PBXFileReference; lastKnownFileType = text.plist.xml; path = Info.plist; sourceTree = "<group>"; };
		22C509AE1D2D16B900839042 /* MainViewController.swift */ = {isa = PBXFileReference; fileEncoding = 4; lastKnownFileType = sourcecode.swift; path = MainViewController.swift; sourceTree = "<group>"; };
		22D6D3B31D1FC55C0058B607 /* TabBar.swift */ = {isa = PBXFileReference; fileEncoding = 4; lastKnownFileType = sourcecode.swift; name = TabBar.swift; path = ../TabBar.swift; sourceTree = "<group>"; };
		22DC3C961D1BC89E0098AB57 /* CustomCollectionViewCell.swift */ = {isa = PBXFileReference; fileEncoding = 4; lastKnownFileType = sourcecode.swift; path = CustomCollectionViewCell.swift; sourceTree = "<group>"; };
/* End PBXFileReference section */

/* Begin PBXFrameworksBuildPhase section */
		22AA44601D1302FB00CA6185 /* Frameworks */ = {
			isa = PBXFrameworksBuildPhase;
			buildActionMask = 2147483647;
			files = (
			);
			runOnlyForDeploymentPostprocessing = 0;
		};
/* End PBXFrameworksBuildPhase section */

/* Begin PBXGroup section */
		2229DC541D1EEA2E0058E804 /* ViewControllers */ = {
			isa = PBXGroup;
			children = (
				22D6D3B31D1FC55C0058B607 /* TabBar.swift */,
				227E43A71D2D28050049A057 /* HomeVC.swift */,
				22DC3C961D1BC89E0098AB57 /* CustomCollectionViewCell.swift */,
				228DF9CE1D251FA70006FB26 /* SettingsTable.swift */,
				227F46121D2A89C500536D8C /* Search.swift */,
			);
			name = ViewControllers;
			sourceTree = "<group>";
		};
		2229DC551D1EEA4F0058E804 /* Extensions */ = {
			isa = PBXGroup;
			children = (
				2236EA0B1D1D5F4F0099411D /* extensions.swift */,
			);
			name = Extensions;
			sourceTree = "<group>";
		};
		2241B9331D2281F400A8167B /* Model */ = {
			isa = PBXGroup;
			children = (
				22A3B7DE1D217E5D00CFB210 /* Video.swift */,
				22464D521D22A8000041B3A0 /* Channel.swift */,
			);
			name = Model;
			sourceTree = "<group>";
		};
		2241B9341D22821600A8167B /* Helpers */ = {
			isa = PBXGroup;
			children = (
				22AA446F1D1302FC00CA6185 /* LaunchScreen.storyboard */,
				22AA44721D1302FC00CA6185 /* Info.plist */,
				22464D541D22AB300041B3A0 /* GlobalVariables.swift */,
			);
			name = Helpers;
			sourceTree = "<group>";
		};
		22AA445A1D1302FB00CA6185 = {
			isa = PBXGroup;
			children = (
				22AA44651D1302FB00CA6185 /* YouTube */,
				22AA44641D1302FB00CA6185 /* Products */,
			);
			sourceTree = "<group>";
		};
		22AA44641D1302FB00CA6185 /* Products */ = {
			isa = PBXGroup;
			children = (
				22AA44631D1302FB00CA6185 /* YouTube.app */,
			);
			name = Products;
			sourceTree = "<group>";
		};
		22AA44651D1302FB00CA6185 /* YouTube */ = {
			isa = PBXGroup;
			children = (
				22AA44661D1302FC00CA6185 /* AppDelegate.swift */,
				22AA446A1D1302FC00CA6185 /* Main.storyboard */,
				22C509AE1D2D16B900839042 /* MainViewController.swift */,
				22AA446D1D1302FC00CA6185 /* Assets.xcassets */,
				2229DC541D1EEA2E0058E804 /* ViewControllers */,
				2229DC551D1EEA4F0058E804 /* Extensions */,
				2241B9331D2281F400A8167B /* Model */,
				2241B9341D22821600A8167B /* Helpers */,
			);
			path = YouTube;
			sourceTree = "<group>";
		};
/* End PBXGroup section */

/* Begin PBXNativeTarget section */
		22AA44621D1302FB00CA6185 /* YouTube */ = {
			isa = PBXNativeTarget;
			buildConfigurationList = 22AA44751D1302FC00CA6185 /* Build configuration list for PBXNativeTarget "YouTube" */;
			buildPhases = (
				22AA445F1D1302FB00CA6185 /* Sources */,
				22AA44601D1302FB00CA6185 /* Frameworks */,
				22AA44611D1302FB00CA6185 /* Resources */,
			);
			buildRules = (
			);
			dependencies = (
			);
			name = YouTube;
			productName = YouTube;
			productReference = 22AA44631D1302FB00CA6185 /* YouTube.app */;
			productType = "com.apple.product-type.application";
		};
/* End PBXNativeTarget section */

/* Begin PBXProject section */
		22AA445B1D1302FB00CA6185 /* Project object */ = {
			isa = PBXProject;
			attributes = {
				LastSwiftUpdateCheck = 0800;
				LastUpgradeCheck = 0800;
				ORGANIZATIONNAME = "Haik Aslanyan";
				TargetAttributes = {
					22AA44621D1302FB00CA6185 = {
						CreatedOnToolsVersion = 8.0;
						DevelopmentTeam = XWX6323S35;
						DevelopmentTeamName = "Haik Aslanyan (Personal Team)";
						ProvisioningStyle = Automatic;
					};
				};
			};
			buildConfigurationList = 22AA445E1D1302FB00CA6185 /* Build configuration list for PBXProject "YouTube" */;
			compatibilityVersion = "Xcode 3.2";
			developmentRegion = English;
			hasScannedForEncodings = 0;
			knownRegions = (
				en,
				Base,
			);
			mainGroup = 22AA445A1D1302FB00CA6185;
			productRefGroup = 22AA44641D1302FB00CA6185 /* Products */;
			projectDirPath = "";
			projectRoot = "";
			targets = (
				22AA44621D1302FB00CA6185 /* YouTube */,
			);
		};
/* End PBXProject section */

/* Begin PBXResourcesBuildPhase section */
		22AA44611D1302FB00CA6185 /* Resources */ = {
			isa = PBXResourcesBuildPhase;
			buildActionMask = 2147483647;
			files = (
				22AA44711D1302FC00CA6185 /* LaunchScreen.storyboard in Resources */,
				22AA446E1D1302FC00CA6185 /* Assets.xcassets in Resources */,
				22AA446C1D1302FC00CA6185 /* Main.storyboard in Resources */,
			);
			runOnlyForDeploymentPostprocessing = 0;
		};
/* End PBXResourcesBuildPhase section */

/* Begin PBXSourcesBuildPhase section */
		22AA445F1D1302FB00CA6185 /* Sources */ = {
			isa = PBXSourcesBuildPhase;
			buildActionMask = 2147483647;
			files = (
				22AA44671D1302FC00CA6185 /* AppDelegate.swift in Sources */,
				22C509AF1D2D16B900839042 /* MainViewController.swift in Sources */,
				22DC3C971D1BC89E0098AB57 /* CustomCollectionViewCell.swift in Sources */,
				22464D551D22AB300041B3A0 /* GlobalVariables.swift in Sources */,
				22A3B7DF1D217E5D00CFB210 /* Video.swift in Sources */,
				2236EA0C1D1D5F4F0099411D /* extensions.swift in Sources */,
				22464D531D22A8000041B3A0 /* Channel.swift in Sources */,
				227F46131D2A89C500536D8C /* Search.swift in Sources */,
				228DF9CF1D251FA70006FB26 /* SettingsTable.swift in Sources */,
				227E43A81D2D28050049A057 /* HomeVC.swift in Sources */,
				22D6D3B41D1FC55C0058B607 /* TabBar.swift in Sources */,
			);
			runOnlyForDeploymentPostprocessing = 0;
		};
/* End PBXSourcesBuildPhase section */

/* Begin PBXVariantGroup section */
		22AA446A1D1302FC00CA6185 /* Main.storyboard */ = {
			isa = PBXVariantGroup;
			children = (
				22AA446B1D1302FC00CA6185 /* Base */,
			);
			name = Main.storyboard;
			sourceTree = "<group>";
		};
		22AA446F1D1302FC00CA6185 /* LaunchScreen.storyboard */ = {
			isa = PBXVariantGroup;
			children = (
				22AA44701D1302FC00CA6185 /* Base */,
			);
			name = LaunchScreen.storyboard;
			sourceTree = "<group>";
		};
/* End PBXVariantGroup section */

/* Begin XCBuildConfiguration section */
		22AA44731D1302FC00CA6185 /* Debug */ = {
			isa = XCBuildConfiguration;
			buildSettings = {
				ALWAYS_SEARCH_USER_PATHS = NO;
				CLANG_ANALYZER_NONNULL = YES;
				CLANG_CXX_LANGUAGE_STANDARD = "gnu++0x";
				CLANG_CXX_LIBRARY = "libc++";
				CLANG_ENABLE_MODULES = YES;
				CLANG_ENABLE_OBJC_ARC = YES;
				CLANG_WARN_BOOL_CONVERSION = YES;
				CLANG_WARN_CONSTANT_CONVERSION = YES;
				CLANG_WARN_DIRECT_OBJC_ISA_USAGE = YES_ERROR;
				CLANG_WARN_DOCUMENTATION_COMMENTS = YES;
				CLANG_WARN_EMPTY_BODY = YES;
				CLANG_WARN_ENUM_CONVERSION = YES;
				CLANG_WARN_INT_CONVERSION = YES;
				CLANG_WARN_OBJC_ROOT_CLASS = YES_ERROR;
				CLANG_WARN_UNREACHABLE_CODE = YES;
				CLANG_WARN__DUPLICATE_METHOD_MATCH = YES;
				"CODE_SIGN_IDENTITY[sdk=iphoneos*]" = "iPhone Developer";
				COPY_PHASE_STRIP = NO;
				DEBUG_INFORMATION_FORMAT = dwarf;
				ENABLE_STRICT_OBJC_MSGSEND = YES;
				ENABLE_TESTABILITY = YES;
				GCC_C_LANGUAGE_STANDARD = gnu99;
				GCC_DYNAMIC_NO_PIC = NO;
				GCC_NO_COMMON_BLOCKS = YES;
				GCC_OPTIMIZATION_LEVEL = 0;
				GCC_PREPROCESSOR_DEFINITIONS = (
					"DEBUG=1",
					"$(inherited)",
				);
				GCC_WARN_64_TO_32_BIT_CONVERSION = YES;
				GCC_WARN_ABOUT_RETURN_TYPE = YES_ERROR;
				GCC_WARN_UNDECLARED_SELECTOR = YES;
				GCC_WARN_UNINITIALIZED_AUTOS = YES_AGGRESSIVE;
				GCC_WARN_UNUSED_FUNCTION = YES;
				GCC_WARN_UNUSED_VARIABLE = YES;
				IPHONEOS_DEPLOYMENT_TARGET = 9.3;
				MTL_ENABLE_DEBUG_INFO = YES;
				ONLY_ACTIVE_ARCH = YES;
				SDKROOT = iphoneos;
				SWIFT_ACTIVE_COMPILATION_CONDITIONS = DEBUG;
				SWIFT_OPTIMIZATION_LEVEL = "-Onone";
			};
			name = Debug;
		};
		22AA44741D1302FC00CA6185 /* Release */ = {
			isa = XCBuildConfiguration;
			buildSettings = {
				ALWAYS_SEARCH_USER_PATHS = NO;
				CLANG_ANALYZER_NONNULL = YES;
				CLANG_CXX_LANGUAGE_STANDARD = "gnu++0x";
				CLANG_CXX_LIBRARY = "libc++";
				CLANG_ENABLE_MODULES = YES;
				CLANG_ENABLE_OBJC_ARC = YES;
				CLANG_WARN_BOOL_CONVERSION = YES;
				CLANG_WARN_CONSTANT_CONVERSION = YES;
				CLANG_WARN_DIRECT_OBJC_ISA_USAGE = YES_ERROR;
				CLANG_WARN_DOCUMENTATION_COMMENTS = YES;
				CLANG_WARN_EMPTY_BODY = YES;
				CLANG_WARN_ENUM_CONVERSION = YES;
				CLANG_WARN_INT_CONVERSION = YES;
				CLANG_WARN_OBJC_ROOT_CLASS = YES_ERROR;
				CLANG_WARN_UNREACHABLE_CODE = YES;
				CLANG_WARN__DUPLICATE_METHOD_MATCH = YES;
				"CODE_SIGN_IDENTITY[sdk=iphoneos*]" = "iPhone Developer";
				COPY_PHASE_STRIP = NO;
				DEBUG_INFORMATION_FORMAT = "dwarf-with-dsym";
				ENABLE_NS_ASSERTIONS = NO;
				ENABLE_STRICT_OBJC_MSGSEND = YES;
				GCC_C_LANGUAGE_STANDARD = gnu99;
				GCC_NO_COMMON_BLOCKS = YES;
				GCC_WARN_64_TO_32_BIT_CONVERSION = YES;
				GCC_WARN_ABOUT_RETURN_TYPE = YES_ERROR;
				GCC_WARN_UNDECLARED_SELECTOR = YES;
				GCC_WARN_UNINITIALIZED_AUTOS = YES_AGGRESSIVE;
				GCC_WARN_UNUSED_FUNCTION = YES;
				GCC_WARN_UNUSED_VARIABLE = YES;
				IPHONEOS_DEPLOYMENT_TARGET = 9.3;
				MTL_ENABLE_DEBUG_INFO = NO;
				SDKROOT = iphoneos;
				SWIFT_OPTIMIZATION_LEVEL = "-Owholemodule";
				VALIDATE_PRODUCT = YES;
			};
			name = Release;
		};
		22AA44761D1302FC00CA6185 /* Debug */ = {
			isa = XCBuildConfiguration;
			buildSettings = {
				ASSETCATALOG_COMPILER_APPICON_NAME = AppIcon;
				CODE_SIGN_IDENTITY = "iPhone Developer: haik@mexonis.com (GZ4E237K2F)";
				"CODE_SIGN_IDENTITY[sdk=iphoneos*]" = "iPhone Developer";
				INFOPLIST_FILE = YouTube/Info.plist;
				LD_RUNPATH_SEARCH_PATHS = "$(inherited) @executable_path/Frameworks";
				PRODUCT_BUNDLE_IDENTIFIER = com.mexonis.YouTube;
				PRODUCT_NAME = "$(TARGET_NAME)";
				PROVISIONING_PROFILE = "";
				SWIFT_VERSION = 3.0;
				TARGETED_DEVICE_FAMILY = 1;
			};
			name = Debug;
		};
		22AA44771D1302FC00CA6185 /* Release */ = {
			isa = XCBuildConfiguration;
			buildSettings = {
				ASSETCATALOG_COMPILER_APPICON_NAME = AppIcon;
				CODE_SIGN_IDENTITY = "iPhone Developer: haik@mexonis.com (GZ4E237K2F)";
				"CODE_SIGN_IDENTITY[sdk=iphoneos*]" = "iPhone Developer";
				INFOPLIST_FILE = YouTube/Info.plist;
				LD_RUNPATH_SEARCH_PATHS = "$(inherited) @executable_path/Frameworks";
				PRODUCT_BUNDLE_IDENTIFIER = com.mexonis.YouTube;
				PRODUCT_NAME = "$(TARGET_NAME)";
				PROVISIONING_PROFILE = "";
				SWIFT_VERSION = 3.0;
				TARGETED_DEVICE_FAMILY = 1;
			};
			name = Release;
		};
/* End XCBuildConfiguration section */

/* Begin XCConfigurationList section */
		22AA445E1D1302FB00CA6185 /* Build configuration list for PBXProject "YouTube" */ = {
			isa = XCConfigurationList;
			buildConfigurations = (
				22AA44731D1302FC00CA6185 /* Debug */,
				22AA44741D1302FC00CA6185 /* Release */,
			);
			defaultConfigurationIsVisible = 0;
			defaultConfigurationName = Release;
		};
		22AA44751D1302FC00CA6185 /* Build configuration list for PBXNativeTarget "YouTube" */ = {
			isa = XCConfigurationList;
			buildConfigurations = (
				22AA44761D1302FC00CA6185 /* Debug */,
				22AA44771D1302FC00CA6185 /* Release */,
			);
			defaultConfigurationIsVisible = 0;
			defaultConfigurationName = Release;
		};
/* End XCConfigurationList section */
	};
	rootObject = 22AA445B1D1302FB00CA6185 /* Project object */;
}
