// !$*UTF8*$!
{
	archiveVersion = 1;
	classes = {
	};
	objectVersion = 46;
	objects = {

/* Begin PBXBuildFile section */
		220E5E1E1D2E7C92001E60A3 /* AccountVC.swift in Sources */ = {isa = PBXBuildFile; fileRef = 220E5E191D2E7C92001E60A3 /* AccountVC.swift */; };
		220E5E2C1D2E7D33001E60A3 /* extensions.swift in Sources */ = {isa = PBXBuildFile; fileRef = 220E5E2B1D2E7D33001E60A3 /* extensions.swift */; };
		221E55061ECF4F1200EC7650 /* SubscriptionsVC.swift in Sources */ = {isa = PBXBuildFile; fileRef = 221E55051ECF4F1200EC7650 /* SubscriptionsVC.swift */; };
		22449DE71D315E3900F3F39D /* LauchVIew.xib in Resources */ = {isa = PBXBuildFile; fileRef = 22449DE61D315E3900F3F39D /* LauchVIew.xib */; };
		226B84F31D329FBA006D6A0D /* HomeVC.swift in Sources */ = {isa = PBXBuildFile; fileRef = 226B84F21D329FBA006D6A0D /* HomeVC.swift */; };
		22856CA51ECF4E3000474209 /* TrendingVC.swift in Sources */ = {isa = PBXBuildFile; fileRef = 22856CA41ECF4E3000474209 /* TrendingVC.swift */; };
		2286206D1EC83B9300E82CFF /* TabBarView.swift in Sources */ = {isa = PBXBuildFile; fileRef = 2286206C1EC83B9300E82CFF /* TabBarView.swift */; };
		2286206F1EC83F8700E82CFF /* SearchView.swift in Sources */ = {isa = PBXBuildFile; fileRef = 2286206E1EC83F8700E82CFF /* SearchView.swift */; };
		228620711EC859DD00E82CFF /* SettingsView.swift in Sources */ = {isa = PBXBuildFile; fileRef = 228620701EC859DD00E82CFF /* SettingsView.swift */; };
		22A2D8AF1ECE0FB5007AA0AF /* MainVC.swift in Sources */ = {isa = PBXBuildFile; fileRef = 22A2D8AE1ECE0FB5007AA0AF /* MainVC.swift */; };
		22A486851D5391EC00B0BAEC /* NavVC.swift in Sources */ = {isa = PBXBuildFile; fileRef = 22A486841D5391EC00B0BAEC /* NavVC.swift */; };
		22AA44671D1302FC00CA6185 /* AppDelegate.swift in Sources */ = {isa = PBXBuildFile; fileRef = 22AA44661D1302FC00CA6185 /* AppDelegate.swift */; };
		22AA446C1D1302FC00CA6185 /* Main.storyboard in Resources */ = {isa = PBXBuildFile; fileRef = 22AA446A1D1302FC00CA6185 /* Main.storyboard */; };
		22AA446E1D1302FC00CA6185 /* Assets.xcassets in Resources */ = {isa = PBXBuildFile; fileRef = 22AA446D1D1302FC00CA6185 /* Assets.xcassets */; };
		22B7F9E01D478BF9008C427D /* Video.swift in Sources */ = {isa = PBXBuildFile; fileRef = 22B7F9DF1D478BF9008C427D /* Video.swift */; };
		22BD93601D3394A200CD57A5 /* User.swift in Sources */ = {isa = PBXBuildFile; fileRef = 22BD935F1D3394A200CD57A5 /* User.swift */; };
		22FD9CF41EDEDF200025B02F /* PlayerView.swift in Sources */ = {isa = PBXBuildFile; fileRef = 22FD9CF31EDEDF200025B02F /* PlayerView.swift */; };
/* End PBXBuildFile section */

/* Begin PBXFileReference section */
		220E5E191D2E7C92001E60A3 /* AccountVC.swift */ = {isa = PBXFileReference; fileEncoding = 4; lastKnownFileType = sourcecode.swift; name = AccountVC.swift; path = ViewControllers/AccountVC.swift; sourceTree = "<group>"; };
		220E5E2B1D2E7D33001E60A3 /* extensions.swift */ = {isa = PBXFileReference; fileEncoding = 4; lastKnownFileType = sourcecode.swift; name = extensions.swift; path = Extensions/extensions.swift; sourceTree = "<group>"; };
		221E55051ECF4F1200EC7650 /* SubscriptionsVC.swift */ = {isa = PBXFileReference; fileEncoding = 4; lastKnownFileType = sourcecode.swift; name = SubscriptionsVC.swift; path = ViewControllers/SubscriptionsVC.swift; sourceTree = "<group>"; };
		22449DE61D315E3900F3F39D /* LauchVIew.xib */ = {isa = PBXFileReference; fileEncoding = 4; lastKnownFileType = file.xib; path = LauchVIew.xib; sourceTree = "<group>"; };
		226B84F21D329FBA006D6A0D /* HomeVC.swift */ = {isa = PBXFileReference; fileEncoding = 4; lastKnownFileType = sourcecode.swift; name = HomeVC.swift; path = ViewControllers/HomeVC.swift; sourceTree = "<group>"; };
		22856CA41ECF4E3000474209 /* TrendingVC.swift */ = {isa = PBXFileReference; fileEncoding = 4; lastKnownFileType = sourcecode.swift; name = TrendingVC.swift; path = ViewControllers/TrendingVC.swift; sourceTree = "<group>"; };
		2286206C1EC83B9300E82CFF /* TabBarView.swift */ = {isa = PBXFileReference; fileEncoding = 4; lastKnownFileType = sourcecode.swift; name = TabBarView.swift; path = "Supporting views/TabBarView.swift"; sourceTree = "<group>"; };
		2286206E1EC83F8700E82CFF /* SearchView.swift */ = {isa = PBXFileReference; fileEncoding = 4; lastKnownFileType = sourcecode.swift; name = SearchView.swift; path = "Supporting views/SearchView.swift"; sourceTree = "<group>"; };
		228620701EC859DD00E82CFF /* SettingsView.swift */ = {isa = PBXFileReference; fileEncoding = 4; lastKnownFileType = sourcecode.swift; name = SettingsView.swift; path = "Supporting views/SettingsView.swift"; sourceTree = "<group>"; };
		22A2D8AE1ECE0FB5007AA0AF /* MainVC.swift */ = {isa = PBXFileReference; fileEncoding = 4; lastKnownFileType = sourcecode.swift; name = MainVC.swift; path = ViewControllers/MainVC.swift; sourceTree = "<group>"; };
		22A486841D5391EC00B0BAEC /* NavVC.swift */ = {isa = PBXFileReference; fileEncoding = 4; lastKnownFileType = sourcecode.swift; name = NavVC.swift; path = ViewControllers/NavVC.swift; sourceTree = "<group>"; };
		22AA44631D1302FB00CA6185 /* YouTube.app */ = {isa = PBXFileReference; explicitFileType = wrapper.application; includeInIndex = 0; path = YouTube.app; sourceTree = BUILT_PRODUCTS_DIR; };
		22AA44661D1302FC00CA6185 /* AppDelegate.swift */ = {isa = PBXFileReference; lastKnownFileType = sourcecode.swift; path = AppDelegate.swift; sourceTree = "<group>"; };
		22AA446B1D1302FC00CA6185 /* Base */ = {isa = PBXFileReference; lastKnownFileType = file.storyboard; name = Base; path = Base.lproj/Main.storyboard; sourceTree = "<group>"; };
		22AA446D1D1302FC00CA6185 /* Assets.xcassets */ = {isa = PBXFileReference; lastKnownFileType = folder.assetcatalog; path = Assets.xcassets; sourceTree = "<group>"; };
		22AA44721D1302FC00CA6185 /* Info.plist */ = {isa = PBXFileReference; lastKnownFileType = text.plist.xml; path = Info.plist; sourceTree = "<group>"; };
		22B7F9DF1D478BF9008C427D /* Video.swift */ = {isa = PBXFileReference; fileEncoding = 4; lastKnownFileType = sourcecode.swift; name = Video.swift; path = Model/Video.swift; sourceTree = "<group>"; };
		22BD935F1D3394A200CD57A5 /* User.swift */ = {isa = PBXFileReference; fileEncoding = 4; lastKnownFileType = sourcecode.swift; name = User.swift; path = Model/User.swift; sourceTree = "<group>"; };
		22FD9CF31EDEDF200025B02F /* PlayerView.swift */ = {isa = PBXFileReference; fileEncoding = 4; lastKnownFileType = sourcecode.swift; name = PlayerView.swift; path = "Supporting views/PlayerView.swift"; sourceTree = "<group>"; };
/* End PBXFileReference section */

/* Begin PBXFrameworksBuildPhase section */
		22AA44601D1302FB00CA6185 /* Frameworks */ = {
			isa = PBXFrameworksBuildPhase;
			buildActionMask = 2147483647;
			files = (
			);
			runOnlyForDeploymentPostprocessing = 0;
		};
/* End PBXFrameworksBuildPhase section */

/* Begin PBXGroup section */
		2229DC541D1EEA2E0058E804 /* ViewControllers */ = {
			isa = PBXGroup;
			children = (
				22A486841D5391EC00B0BAEC /* NavVC.swift */,
				22A2D8AE1ECE0FB5007AA0AF /* MainVC.swift */,
				226B84F21D329FBA006D6A0D /* HomeVC.swift */,
				22856CA41ECF4E3000474209 /* TrendingVC.swift */,
				221E55051ECF4F1200EC7650 /* SubscriptionsVC.swift */,
				220E5E191D2E7C92001E60A3 /* AccountVC.swift */,
			);
			name = ViewControllers;
			sourceTree = "<group>";
		};
		2229DC551D1EEA4F0058E804 /* Extensions */ = {
			isa = PBXGroup;
			children = (
				220E5E2B1D2E7D33001E60A3 /* extensions.swift */,
			);
			name = Extensions;
			sourceTree = "<group>";
		};
		2241B9331D2281F400A8167B /* Model */ = {
			isa = PBXGroup;
			children = (
				22BD935F1D3394A200CD57A5 /* User.swift */,
				22B7F9DF1D478BF9008C427D /* Video.swift */,
			);
			name = Model;
			sourceTree = "<group>";
		};
		2241B9341D22821600A8167B /* Helpers */ = {
			isa = PBXGroup;
			children = (
				22449DE61D315E3900F3F39D /* LauchVIew.xib */,
				22AA44721D1302FC00CA6185 /* Info.plist */,
			);
			name = Helpers;
			sourceTree = "<group>";
		};
		2266A71C1D2E6C1B00B4B9B3 /* supporting views */ = {
			isa = PBXGroup;
			children = (
				22FD9CF31EDEDF200025B02F /* PlayerView.swift */,
				2286206C1EC83B9300E82CFF /* TabBarView.swift */,
				2286206E1EC83F8700E82CFF /* SearchView.swift */,
				228620701EC859DD00E82CFF /* SettingsView.swift */,
			);
			name = "supporting views";
			sourceTree = "<group>";
		};
		22AA445A1D1302FB00CA6185 = {
			isa = PBXGroup;
			children = (
				22AA44651D1302FB00CA6185 /* YouTube */,
				22AA44641D1302FB00CA6185 /* Products */,
			);
			sourceTree = "<group>";
		};
		22AA44641D1302FB00CA6185 /* Products */ = {
			isa = PBXGroup;
			children = (
				22AA44631D1302FB00CA6185 /* YouTube.app */,
			);
			name = Products;
			sourceTree = "<group>";
		};
		22AA44651D1302FB00CA6185 /* YouTube */ = {
			isa = PBXGroup;
			children = (
				22AA44661D1302FC00CA6185 /* AppDelegate.swift */,
				22AA446A1D1302FC00CA6185 /* Main.storyboard */,
				22AA446D1D1302FC00CA6185 /* Assets.xcassets */,
				2229DC541D1EEA2E0058E804 /* ViewControllers */,
				2266A71C1D2E6C1B00B4B9B3 /* supporting views */,
				2229DC551D1EEA4F0058E804 /* Extensions */,
				2241B9331D2281F400A8167B /* Model */,
				2241B9341D22821600A8167B /* Helpers */,
			);
			path = YouTube;
			sourceTree = "<group>";
		};
/* End PBXGroup section */

/* Begin PBXNativeTarget section */
		22AA44621D1302FB00CA6185 /* YouTube */ = {
			isa = PBXNativeTarget;
			buildConfigurationList = 22AA44751D1302FC00CA6185 /* Build configuration list for PBXNativeTarget "YouTube" */;
			buildPhases = (
				22AA445F1D1302FB00CA6185 /* Sources */,
				22AA44601D1302FB00CA6185 /* Frameworks */,
				22AA44611D1302FB00CA6185 /* Resources */,
			);
			buildRules = (
			);
			dependencies = (
			);
			name = YouTube;
			productName = YouTube;
			productReference = 22AA44631D1302FB00CA6185 /* YouTube.app */;
			productType = "com.apple.product-type.application";
		};
/* End PBXNativeTarget section */

/* Begin PBXProject section */
		22AA445B1D1302FB00CA6185 /* Project object */ = {
			isa = PBXProject;
			attributes = {
				LastSwiftUpdateCheck = 0800;
				LastUpgradeCheck = 0900;
				ORGANIZATIONNAME = "Haik Aslanyan";
				TargetAttributes = {
					22AA44621D1302FB00CA6185 = {
						CreatedOnToolsVersion = 8.0;
						DevelopmentTeam = P6GDVV24N5;
						DevelopmentTeamName = "Haik Aslanyan (Personal Team)";
						LastSwiftMigration = 0900;
						ProvisioningStyle = Automatic;
					};
				};
			};
			buildConfigurationList = 22AA445E1D1302FB00CA6185 /* Build configuration list for PBXProject "YouTube" */;
			compatibilityVersion = "Xcode 3.2";
			developmentRegion = English;
			hasScannedForEncodings = 0;
			knownRegions = (
				en,
				Base,
			);
			mainGroup = 22AA445A1D1302FB00CA6185;
			productRefGroup = 22AA44641D1302FB00CA6185 /* Products */;
			projectDirPath = "";
			projectRoot = "";
			targets = (
				22AA44621D1302FB00CA6185 /* YouTube */,
			);
		};
/* End PBXProject section */

/* Begin PBXResourcesBuildPhase section */
		22AA44611D1302FB00CA6185 /* Resources */ = {
			isa = PBXResourcesBuildPhase;
			buildActionMask = 2147483647;
			files = (
				22AA446E1D1302FC00CA6185 /* Assets.xcassets in Resources */,
				22449DE71D315E3900F3F39D /* LauchVIew.xib in Resources */,
				22AA446C1D1302FC00CA6185 /* Main.storyboard in Resources */,
			);
			runOnlyForDeploymentPostprocessing = 0;
		};
/* End PBXResourcesBuildPhase section */

/* Begin PBXSourcesBuildPhase section */
		22AA445F1D1302FB00CA6185 /* Sources */ = {
			isa = PBXSourcesBuildPhase;
			buildActionMask = 2147483647;
			files = (
				22BD93601D3394A200CD57A5 /* User.swift in Sources */,
				221E55061ECF4F1200EC7650 /* SubscriptionsVC.swift in Sources */,
				226B84F31D329FBA006D6A0D /* HomeVC.swift in Sources */,
				22FD9CF41EDEDF200025B02F /* PlayerView.swift in Sources */,
				22AA44671D1302FC00CA6185 /* AppDelegate.swift in Sources */,
				2286206F1EC83F8700E82CFF /* SearchView.swift in Sources */,
				220E5E2C1D2E7D33001E60A3 /* extensions.swift in Sources */,
				22B7F9E01D478BF9008C427D /* Video.swift in Sources */,
				228620711EC859DD00E82CFF /* SettingsView.swift in Sources */,
				22A486851D5391EC00B0BAEC /* NavVC.swift in Sources */,
				22A2D8AF1ECE0FB5007AA0AF /* MainVC.swift in Sources */,
				220E5E1E1D2E7C92001E60A3 /* AccountVC.swift in Sources */,
				2286206D1EC83B9300E82CFF /* TabBarView.swift in Sources */,
				22856CA51ECF4E3000474209 /* TrendingVC.swift in Sources */,
			);
			runOnlyForDeploymentPostprocessing = 0;
		};
/* End PBXSourcesBuildPhase section */

/* Begin PBXVariantGroup section */
		22AA446A1D1302FC00CA6185 /* Main.storyboard */ = {
			isa = PBXVariantGroup;
			children = (
				22AA446B1D1302FC00CA6185 /* Base */,
			);
			name = Main.storyboard;
			sourceTree = "<group>";
		};
/* End PBXVariantGroup section */

/* Begin XCBuildConfiguration section */
		22AA44731D1302FC00CA6185 /* Debug */ = {
			isa = XCBuildConfiguration;
			buildSettings = {
				ALWAYS_SEARCH_USER_PATHS = NO;
				CLANG_ANALYZER_NONNULL = YES;
				CLANG_CXX_LANGUAGE_STANDARD = "gnu++0x";
				CLANG_CXX_LIBRARY = "libc++";
				CLANG_ENABLE_MODULES = YES;
				CLANG_ENABLE_OBJC_ARC = YES;
				CLANG_WARN_BLOCK_CAPTURE_AUTORELEASING = YES;
				CLANG_WARN_BOOL_CONVERSION = YES;
				CLANG_WARN_COMMA = YES;
				CLANG_WARN_CONSTANT_CONVERSION = YES;
				CLANG_WARN_DIRECT_OBJC_ISA_USAGE = YES_ERROR;
				CLANG_WARN_DOCUMENTATION_COMMENTS = YES;
				CLANG_WARN_EMPTY_BODY = YES;
				CLANG_WARN_ENUM_CONVERSION = YES;
				CLANG_WARN_INFINITE_RECURSION = YES;
				CLANG_WARN_INT_CONVERSION = YES;
				CLANG_WARN_NON_LITERAL_NULL_CONVERSION = YES;
				CLANG_WARN_OBJC_LITERAL_CONVERSION = YES;
				CLANG_WARN_OBJC_ROOT_CLASS = YES_ERROR;
				CLANG_WARN_RANGE_LOOP_ANALYSIS = YES;
				CLANG_WARN_STRICT_PROTOTYPES = YES;
				CLANG_WARN_SUSPICIOUS_MOVE = YES;
				CLANG_WARN_UNREACHABLE_CODE = YES;
				CLANG_WARN__DUPLICATE_METHOD_MATCH = YES;
				"CODE_SIGN_IDENTITY[sdk=iphoneos*]" = "iPhone Developer";
				COPY_PHASE_STRIP = NO;
				DEBUG_INFORMATION_FORMAT = dwarf;
				ENABLE_STRICT_OBJC_MSGSEND = YES;
				ENABLE_TESTABILITY = YES;
				GCC_C_LANGUAGE_STANDARD = gnu99;
				GCC_DYNAMIC_NO_PIC = NO;
				GCC_NO_COMMON_BLOCKS = YES;
				GCC_OPTIMIZATION_LEVEL = 0;
				GCC_PREPROCESSOR_DEFINITIONS = (
					"DEBUG=1",
					"$(inherited)",
				);
				GCC_WARN_64_TO_32_BIT_CONVERSION = YES;
				GCC_WARN_ABOUT_RETURN_TYPE = YES_ERROR;
				GCC_WARN_UNDECLARED_SELECTOR = YES;
				GCC_WARN_UNINITIALIZED_AUTOS = YES_AGGRESSIVE;
				GCC_WARN_UNUSED_FUNCTION = YES;
				GCC_WARN_UNUSED_VARIABLE = YES;
				IPHONEOS_DEPLOYMENT_TARGET = 9.0;
				MTL_ENABLE_DEBUG_INFO = YES;
				ONLY_ACTIVE_ARCH = YES;
				SDKROOT = iphoneos;
				SWIFT_ACTIVE_COMPILATION_CONDITIONS = DEBUG;
				SWIFT_OPTIMIZATION_LEVEL = "-Onone";
			};
			name = Debug;
		};
		22AA44741D1302FC00CA6185 /* Release */ = {
			isa = XCBuildConfiguration;
			buildSettings = {
				ALWAYS_SEARCH_USER_PATHS = NO;
				CLANG_ANALYZER_NONNULL = YES;
				CLANG_CXX_LANGUAGE_STANDARD = "gnu++0x";
				CLANG_CXX_LIBRARY = "libc++";
				CLANG_ENABLE_MODULES = YES;
				CLANG_ENABLE_OBJC_ARC = YES;
				CLANG_WARN_BLOCK_CAPTURE_AUTORELEASING = YES;
				CLANG_WARN_BOOL_CONVERSION = YES;
				CLANG_WARN_COMMA = YES;
				CLANG_WARN_CONSTANT_CONVERSION = YES;
				CLANG_WARN_DIRECT_OBJC_ISA_USAGE = YES_ERROR;
				CLANG_WARN_DOCUMENTATION_COMMENTS = YES;
				CLANG_WARN_EMPTY_BODY = YES;
				CLANG_WARN_ENUM_CONVERSION = YES;
				CLANG_WARN_INFINITE_RECURSION = YES;
				CLANG_WARN_INT_CONVERSION = YES;
				CLANG_WARN_NON_LITERAL_NULL_CONVERSION = YES;
				CLANG_WARN_OBJC_LITERAL_CONVERSION = YES;
				CLANG_WARN_OBJC_ROOT_CLASS = YES_ERROR;
				CLANG_WARN_RANGE_LOOP_ANALYSIS = YES;
				CLANG_WARN_STRICT_PROTOTYPES = YES;
				CLANG_WARN_SUSPICIOUS_MOVE = YES;
				CLANG_WARN_UNREACHABLE_CODE = YES;
				CLANG_WARN__DUPLICATE_METHOD_MATCH = YES;
				"CODE_SIGN_IDENTITY[sdk=iphoneos*]" = "iPhone Developer";
				COPY_PHASE_STRIP = NO;
				DEBUG_INFORMATION_FORMAT = "dwarf-with-dsym";
				ENABLE_NS_ASSERTIONS = NO;
				ENABLE_STRICT_OBJC_MSGSEND = YES;
				GCC_C_LANGUAGE_STANDARD = gnu99;
				GCC_NO_COMMON_BLOCKS = YES;
				GCC_WARN_64_TO_32_BIT_CONVERSION = YES;
				GCC_WARN_ABOUT_RETURN_TYPE = YES_ERROR;
				GCC_WARN_UNDECLARED_SELECTOR = YES;
				GCC_WARN_UNINITIALIZED_AUTOS = YES_AGGRESSIVE;
				GCC_WARN_UNUSED_FUNCTION = YES;
				GCC_WARN_UNUSED_VARIABLE = YES;
				IPHONEOS_DEPLOYMENT_TARGET = 9.0;
				MTL_ENABLE_DEBUG_INFO = NO;
				SDKROOT = iphoneos;
				SWIFT_OPTIMIZATION_LEVEL = "-Owholemodule";
				VALIDATE_PRODUCT = YES;
			};
			name = Release;
		};
		22AA44761D1302FC00CA6185 /* Debug */ = {
			isa = XCBuildConfiguration;
			buildSettings = {
				ASSETCATALOG_COMPILER_APPICON_NAME = AppIcon;
				CODE_SIGN_IDENTITY = "iPhone Developer: haik@mexonis.com (GZ4E237K2F)";
				"CODE_SIGN_IDENTITY[sdk=iphoneos*]" = "iPhone Developer";
				DEVELOPMENT_TEAM = P6GDVV24N5;
				INFOPLIST_FILE = YouTube/Info.plist;
				LD_RUNPATH_SEARCH_PATHS = "$(inherited) @executable_path/Frameworks";
				PRODUCT_BUNDLE_IDENTIFIER = com.haik.YouTube;
				PRODUCT_NAME = "$(TARGET_NAME)";
				PROVISIONING_PROFILE = "";
				SWIFT_SWIFT3_OBJC_INFERENCE = Default;
				SWIFT_VERSION = 4.0;
				TARGETED_DEVICE_FAMILY = 1;
			};
			name = Debug;
		};
		22AA44771D1302FC00CA6185 /* Release */ = {
			isa = XCBuildConfiguration;
			buildSettings = {
				ASSETCATALOG_COMPILER_APPICON_NAME = AppIcon;
				CODE_SIGN_IDENTITY = "iPhone Developer: haik@mexonis.com (GZ4E237K2F)";
				"CODE_SIGN_IDENTITY[sdk=iphoneos*]" = "iPhone Developer";
				DEVELOPMENT_TEAM = P6GDVV24N5;
				INFOPLIST_FILE = YouTube/Info.plist;
				LD_RUNPATH_SEARCH_PATHS = "$(inherited) @executable_path/Frameworks";
				PRODUCT_BUNDLE_IDENTIFIER = com.haik.YouTube;
				PRODUCT_NAME = "$(TARGET_NAME)";
				PROVISIONING_PROFILE = "";
				SWIFT_SWIFT3_OBJC_INFERENCE = Default;
				SWIFT_VERSION = 4.0;
				TARGETED_DEVICE_FAMILY = 1;
			};
			name = Release;
		};
/* End XCBuildConfiguration section */

/* Begin XCConfigurationList section */
		22AA445E1D1302FB00CA6185 /* Build configuration list for PBXProject "YouTube" */ = {
			isa = XCConfigurationList;
			buildConfigurations = (
				22AA44731D1302FC00CA6185 /* Debug */,
				22AA44741D1302FC00CA6185 /* Release */,
			);
			defaultConfigurationIsVisible = 0;
			defaultConfigurationName = Release;
		};
		22AA44751D1302FC00CA6185 /* Build configuration list for PBXNativeTarget "YouTube" */ = {
			isa = XCConfigurationList;
			buildConfigurations = (
				22AA44761D1302FC00CA6185 /* Debug */,
				22AA44771D1302FC00CA6185 /* Release */,
			);
			defaultConfigurationIsVisible = 0;
			defaultConfigurationName = Release;
		};
/* End XCConfigurationList section */
	};
	rootObject = 22AA445B1D1302FB00CA6185 /* Project object */;
}
